
Microsoft Visual Studio Solution File, Format Version 12.00
# Visual Studio Version 16
VisualStudioVersion = 16.0.31702.278
MinimumVisualStudioVersion = 10.0.40219.1
Project("{FAE04EC0-301F-11D3-BF4B-00C04F79EFBC}") = "OOPDiar", "OOPDiar\OOPDiar.csproj", "{D1AD2426-A67E-44CD-B8F9-494E918AF6BB}"
EndProject
Global
	GlobalSection(SolutionConfigurationPlatforms) = preSolution
		Debug|Any CPU = Debug|Any CPU
		Release|Any CPU = Release|Any CPU
	EndGlobalSection
	GlobalSection(ProjectConfigurationPlatforms) = postSolution
		{D1AD2426-A67E-44CD-B8F9-494E918AF6BB}.Debug|Any CPU.ActiveCfg = Debug|Any CPU
		{D1AD2426-A67E-44CD-B8F9-494E918AF6BB}.Debug|Any CPU.Build.0 = Debug|Any CPU
		{D1AD2426-A67E-44CD-B8F9-494E918AF6BB}.Release|Any CPU.ActiveCfg = Release|Any CPU
		{D1AD2426-A67E-44CD-B8F9-494E918AF6BB}.Release|Any CPU.Build.0 = Release|Any CPU
	EndGlobalSection
	GlobalSection(SolutionProperties) = preSolution
		HideSolutionNode = FALSE
	EndGlobalSection
	GlobalSection(ExtensibilityGlobals) = postSolution
		SolutionGuid = {31E61241-134A-4214-9FDB-3E2A302F3290}
	EndGlobalSection
EndGlobal
